
Microsoft Visual Studio Solution File, Format Version 12.00
# Visual Studio 15
VisualStudioVersion = 15.0.27703.2026
MinimumVisualStudioVersion = 10.0.40219.1
Project("{FAE04EC0-301F-11D3-BF4B-00C04F79EFBC}") = "yostocksapp.Android", "yostocksapp\yostocksapp.Android\yostocksapp.Android.csproj", "{166A0B75-AA49-4DBD-B822-BD8196FF5759}"
EndProject
Project("{FAE04EC0-301F-11D3-BF4B-00C04F79EFBC}") = "yostocksapp.iOS", "yostocksapp\yostocksapp.iOS\yostocksapp.iOS.csproj", "{C725B406-3AD0-4171-8245-28328312F6BA}"
EndProject
Project("{FAE04EC0-301F-11D3-BF4B-00C04F79EFBC}") = "yostocksapp", "yostocksapp\yostocksapp\yostocksapp.csproj", "{89DDD4F5-6547-4318-AADE-6D9973DA7DF1}"
EndProject
Global
	GlobalSection(SolutionConfigurationPlatforms) = preSolution
		Ad-Hoc|Any CPU = Ad-Hoc|Any CPU
		Ad-Hoc|iPhone = Ad-Hoc|iPhone
		Ad-Hoc|iPhoneSimulator = Ad-Hoc|iPhoneSimulator
		AppStore|Any CPU = AppStore|Any CPU
		AppStore|iPhone = AppStore|iPhone
		AppStore|iPhoneSimulator = AppStore|iPhoneSimulator
		Debug|Any CPU = Debug|Any CPU
		Debug|iPhone = Debug|iPhone
		Debug|iPhoneSimulator = Debug|iPhoneSimulator
		Release|Any CPU = Release|Any CPU
		Release|iPhone = Release|iPhone
		Release|iPhoneSimulator = Release|iPhoneSimulator
	EndGlobalSection
	GlobalSection(ProjectConfigurationPlatforms) = postSolution
		{166A0B75-AA49-4DBD-B822-BD8196FF5759}.Ad-Hoc|Any CPU.ActiveCfg = Release|Any CPU
		{166A0B75-AA49-4DBD-B822-BD8196FF5759}.Ad-Hoc|Any CPU.Build.0 = Release|Any CPU
		{166A0B75-AA49-4DBD-B822-BD8196FF5759}.Ad-Hoc|Any CPU.Deploy.0 = Release|Any CPU
		{166A0B75-AA49-4DBD-B822-BD8196FF5759}.Ad-Hoc|iPhone.ActiveCfg = Release|Any CPU
		{166A0B75-AA49-4DBD-B822-BD8196FF5759}.Ad-Hoc|iPhone.Build.0 = Release|Any CPU
		{166A0B75-AA49-4DBD-B822-BD8196FF5759}.Ad-Hoc|iPhone.Deploy.0 = Release|Any CPU
		{166A0B75-AA49-4DBD-B822-BD8196FF5759}.Ad-Hoc|iPhoneSimulator.ActiveCfg = Release|Any CPU
		{166A0B75-AA49-4DBD-B822-BD8196FF5759}.Ad-Hoc|iPhoneSimulator.Build.0 = Release|Any CPU
		{166A0B75-AA49-4DBD-B822-BD8196FF5759}.Ad-Hoc|iPhoneSimulator.Deploy.0 = Release|Any CPU
		{166A0B75-AA49-4DBD-B822-BD8196FF5759}.AppStore|Any CPU.ActiveCfg = Release|Any CPU
		{166A0B75-AA49-4DBD-B822-BD8196FF5759}.AppStore|Any CPU.Build.0 = Release|Any CPU
		{166A0B75-AA49-4DBD-B822-BD8196FF5759}.AppStore|Any CPU.Deploy.0 = Release|Any CPU
		{166A0B75-AA49-4DBD-B822-BD8196FF5759}.AppStore|iPhone.ActiveCfg = Release|Any CPU
		{166A0B75-AA49-4DBD-B822-BD8196FF5759}.AppStore|iPhone.Build.0 = Release|Any CPU
		{166A0B75-AA49-4DBD-B822-BD8196FF5759}.AppStore|iPhone.Deploy.0 = Release|Any CPU
		{166A0B75-AA49-4DBD-B822-BD8196FF5759}.AppStore|iPhoneSimulator.ActiveCfg = Release|Any CPU
		{166A0B75-AA49-4DBD-B822-BD8196FF5759}.AppStore|iPhoneSimulator.Build.0 = Release|Any CPU
		{166A0B75-AA49-4DBD-B822-BD8196FF5759}.AppStore|iPhoneSimulator.Deploy.0 = Release|Any CPU
		{166A0B75-AA49-4DBD-B822-BD8196FF5759}.Debug|Any CPU.ActiveCfg = Debug|Any CPU
		{166A0B75-AA49-4DBD-B822-BD8196FF5759}.Debug|Any CPU.Build.0 = Debug|Any CPU
		{166A0B75-AA49-4DBD-B822-BD8196FF5759}.Debug|Any CPU.Deploy.0 = Debug|Any CPU
		{166A0B75-AA49-4DBD-B822-BD8196FF5759}.Debug|iPhone.ActiveCfg = Debug|Any CPU
		{166A0B75-AA49-4DBD-B822-BD8196FF5759}.Debug|iPhone.Build.0 = Debug|Any CPU
		{166A0B75-AA49-4DBD-B822-BD8196FF5759}.Debug|iPhone.Deploy.0 = Debug|Any CPU
		{166A0B75-AA49-4DBD-B822-BD8196FF5759}.Debug|iPhoneSimulator.ActiveCfg = Debug|Any CPU
		{166A0B75-AA49-4DBD-B822-BD8196FF5759}.Debug|iPhoneSimulator.Build.0 = Debug|Any CPU
		{166A0B75-AA49-4DBD-B822-BD8196FF5759}.Debug|iPhoneSimulator.Deploy.0 = Debug|Any CPU
		{166A0B75-AA49-4DBD-B822-BD8196FF5759}.Release|Any CPU.ActiveCfg = Release|Any CPU
		{166A0B75-AA49-4DBD-B822-BD8196FF5759}.Release|Any CPU.Build.0 = Release|Any CPU
		{166A0B75-AA49-4DBD-B822-BD8196FF5759}.Release|Any CPU.Deploy.0 = Release|Any CPU
		{166A0B75-AA49-4DBD-B822-BD8196FF5759}.Release|iPhone.ActiveCfg = Release|Any CPU
		{166A0B75-AA49-4DBD-B822-BD8196FF5759}.Release|iPhone.Build.0 = Release|Any CPU
		{166A0B75-AA49-4DBD-B822-BD8196FF5759}.Release|iPhone.Deploy.0 = Release|Any CPU
		{166A0B75-AA49-4DBD-B822-BD8196FF5759}.Release|iPhoneSimulator.ActiveCfg = Release|Any CPU
		{166A0B75-AA49-4DBD-B822-BD8196FF5759}.Release|iPhoneSimulator.Build.0 = Release|Any CPU
		{166A0B75-AA49-4DBD-B822-BD8196FF5759}.Release|iPhoneSimulator.Deploy.0 = Release|Any CPU
		{C725B406-3AD0-4171-8245-28328312F6BA}.Ad-Hoc|Any CPU.ActiveCfg = Ad-Hoc|iPhone
		{C725B406-3AD0-4171-8245-28328312F6BA}.Ad-Hoc|Any CPU.Build.0 = Ad-Hoc|iPhone
		{C725B406-3AD0-4171-8245-28328312F6BA}.Ad-Hoc|Any CPU.Deploy.0 = Ad-Hoc|iPhone
		{C725B406-3AD0-4171-8245-28328312F6BA}.Ad-Hoc|iPhone.ActiveCfg = Ad-Hoc|iPhone
		{C725B406-3AD0-4171-8245-28328312F6BA}.Ad-Hoc|iPhone.Build.0 = Ad-Hoc|iPhone
		{C725B406-3AD0-4171-8245-28328312F6BA}.Ad-Hoc|iPhone.Deploy.0 = Ad-Hoc|iPhone
		{C725B406-3AD0-4171-8245-28328312F6BA}.Ad-Hoc|iPhoneSimulator.ActiveCfg = Ad-Hoc|iPhoneSimulator
		{C725B406-3AD0-4171-8245-28328312F6BA}.Ad-Hoc|iPhoneSimulator.Build.0 = Ad-Hoc|iPhoneSimulator
		{C725B406-3AD0-4171-8245-28328312F6BA}.Ad-Hoc|iPhoneSimulator.Deploy.0 = Ad-Hoc|iPhoneSimulator
		{C725B406-3AD0-4171-8245-28328312F6BA}.AppStore|Any CPU.ActiveCfg = AppStore|iPhone
		{C725B406-3AD0-4171-8245-28328312F6BA}.AppStore|Any CPU.Build.0 = AppStore|iPhone
		{C725B406-3AD0-4171-8245-28328312F6BA}.AppStore|Any CPU.Deploy.0 = AppStore|iPhone
		{C725B406-3AD0-4171-8245-28328312F6BA}.AppStore|iPhone.ActiveCfg = AppStore|iPhone
		{C725B406-3AD0-4171-8245-28328312F6BA}.AppStore|iPhone.Build.0 = AppStore|iPhone
		{C725B406-3AD0-4171-8245-28328312F6BA}.AppStore|iPhone.Deploy.0 = AppStore|iPhone
		{C725B406-3AD0-4171-8245-28328312F6BA}.AppStore|iPhoneSimulator.ActiveCfg = AppStore|iPhoneSimulator
		{C725B406-3AD0-4171-8245-28328312F6BA}.AppStore|iPhoneSimulator.Build.0 = AppStore|iPhoneSimulator
		{C725B406-3AD0-4171-8245-28328312F6BA}.AppStore|iPhoneSimulator.Deploy.0 = AppStore|iPhoneSimulator
		{C725B406-3AD0-4171-8245-28328312F6BA}.Debug|Any CPU.ActiveCfg = Debug|iPhoneSimulator
		{C725B406-3AD0-4171-8245-28328312F6BA}.Debug|Any CPU.Build.0 = Debug|iPhoneSimulator
		{C725B406-3AD0-4171-8245-28328312F6BA}.Debug|Any CPU.Deploy.0 = Debug|iPhoneSimulator
		{C725B406-3AD0-4171-8245-28328312F6BA}.Debug|iPhone.ActiveCfg = Debug|iPhone
		{C725B406-3AD0-4171-8245-28328312F6BA}.Debug|iPhone.Build.0 = Debug|iPhone
		{C725B406-3AD0-4171-8245-28328312F6BA}.Debug|iPhone.Deploy.0 = Debug|iPhone
		{C725B406-3AD0-4171-8245-28328312F6BA}.Debug|iPhoneSimulator.ActiveCfg = Debug|iPhoneSimulator
		{C725B406-3AD0-4171-8245-28328312F6BA}.Debug|iPhoneSimulator.Build.0 = Debug|iPhoneSimulator
		{C725B406-3AD0-4171-8245-28328312F6BA}.Debug|iPhoneSimulator.Deploy.0 = Debug|iPhoneSimulator
		{C725B406-3AD0-4171-8245-28328312F6BA}.Release|Any CPU.ActiveCfg = Release|iPhone
		{C725B406-3AD0-4171-8245-28328312F6BA}.Release|Any CPU.Build.0 = Release|iPhone
		{C725B406-3AD0-4171-8245-28328312F6BA}.Release|Any CPU.Deploy.0 = Release|iPhone
		{C725B406-3AD0-4171-8245-28328312F6BA}.Release|iPhone.ActiveCfg = Release|iPhone
		{C725B406-3AD0-4171-8245-28328312F6BA}.Release|iPhone.Build.0 = Release|iPhone
		{C725B406-3AD0-4171-8245-28328312F6BA}.Release|iPhone.Deploy.0 = Release|iPhone
		{C725B406-3AD0-4171-8245-28328312F6BA}.Release|iPhoneSimulator.ActiveCfg = Release|iPhoneSimulator
		{C725B406-3AD0-4171-8245-28328312F6BA}.Release|iPhoneSimulator.Build.0 = Release|iPhoneSimulator
		{C725B406-3AD0-4171-8245-28328312F6BA}.Release|iPhoneSimulator.Deploy.0 = Release|iPhoneSimulator
		{89DDD4F5-6547-4318-AADE-6D9973DA7DF1}.Ad-Hoc|Any CPU.ActiveCfg = Debug|Any CPU
		{89DDD4F5-6547-4318-AADE-6D9973DA7DF1}.Ad-Hoc|Any CPU.Build.0 = Debug|Any CPU
		{89DDD4F5-6547-4318-AADE-6D9973DA7DF1}.Ad-Hoc|Any CPU.Deploy.0 = Debug|Any CPU
		{89DDD4F5-6547-4318-AADE-6D9973DA7DF1}.Ad-Hoc|iPhone.ActiveCfg = Debug|Any CPU
		{89DDD4F5-6547-4318-AADE-6D9973DA7DF1}.Ad-Hoc|iPhone.Build.0 = Debug|Any CPU
		{89DDD4F5-6547-4318-AADE-6D9973DA7DF1}.Ad-Hoc|iPhone.Deploy.0 = Debug|Any CPU
		{89DDD4F5-6547-4318-AADE-6D9973DA7DF1}.Ad-Hoc|iPhoneSimulator.ActiveCfg = Debug|Any CPU
		{89DDD4F5-6547-4318-AADE-6D9973DA7DF1}.Ad-Hoc|iPhoneSimulator.Build.0 = Debug|Any CPU
		{89DDD4F5-6547-4318-AADE-6D9973DA7DF1}.Ad-Hoc|iPhoneSimulator.Deploy.0 = Debug|Any CPU
		{89DDD4F5-6547-4318-AADE-6D9973DA7DF1}.AppStore|Any CPU.ActiveCfg = Debug|Any CPU
		{89DDD4F5-6547-4318-AADE-6D9973DA7DF1}.AppStore|Any CPU.Build.0 = Debug|Any CPU
		{89DDD4F5-6547-4318-AADE-6D9973DA7DF1}.AppStore|Any CPU.Deploy.0 = Debug|Any CPU
		{89DDD4F5-6547-4318-AADE-6D9973DA7DF1}.AppStore|iPhone.ActiveCfg = Debug|Any CPU
		{89DDD4F5-6547-4318-AADE-6D9973DA7DF1}.AppStore|iPhone.Build.0 = Debug|Any CPU
		{89DDD4F5-6547-4318-AADE-6D9973DA7DF1}.AppStore|iPhone.Deploy.0 = Debug|Any CPU
		{89DDD4F5-6547-4318-AADE-6D9973DA7DF1}.AppStore|iPhoneSimulator.ActiveCfg = Debug|Any CPU
		{89DDD4F5-6547-4318-AADE-6D9973DA7DF1}.AppStore|iPhoneSimulator.Build.0 = Debug|Any CPU
		{89DDD4F5-6547-4318-AADE-6D9973DA7DF1}.AppStore|iPhoneSimulator.Deploy.0 = Debug|Any CPU
		{89DDD4F5-6547-4318-AADE-6D9973DA7DF1}.Debug|Any CPU.ActiveCfg = Debug|Any CPU
		{89DDD4F5-6547-4318-AADE-6D9973DA7DF1}.Debug|Any CPU.Build.0 = Debug|Any CPU
		{89DDD4F5-6547-4318-AADE-6D9973DA7DF1}.Debug|Any CPU.Deploy.0 = Debug|Any CPU
		{89DDD4F5-6547-4318-AADE-6D9973DA7DF1}.Debug|iPhone.ActiveCfg = Debug|Any CPU
		{89DDD4F5-6547-4318-AADE-6D9973DA7DF1}.Debug|iPhone.Build.0 = Debug|Any CPU
		{89DDD4F5-6547-4318-AADE-6D9973DA7DF1}.Debug|iPhone.Deploy.0 = Debug|Any CPU
		{89DDD4F5-6547-4318-AADE-6D9973DA7DF1}.Debug|iPhoneSimulator.ActiveCfg = Debug|Any CPU
		{89DDD4F5-6547-4318-AADE-6D9973DA7DF1}.Debug|iPhoneSimulator.Build.0 = Debug|Any CPU
		{89DDD4F5-6547-4318-AADE-6D9973DA7DF1}.Debug|iPhoneSimulator.Deploy.0 = Debug|Any CPU
		{89DDD4F5-6547-4318-AADE-6D9973DA7DF1}.Release|Any CPU.ActiveCfg = Release|Any CPU
		{89DDD4F5-6547-4318-AADE-6D9973DA7DF1}.Release|Any CPU.Build.0 = Release|Any CPU
		{89DDD4F5-6547-4318-AADE-6D9973DA7DF1}.Release|Any CPU.Deploy.0 = Release|Any CPU
		{89DDD4F5-6547-4318-AADE-6D9973DA7DF1}.Release|iPhone.ActiveCfg = Release|Any CPU
		{89DDD4F5-6547-4318-AADE-6D9973DA7DF1}.Release|iPhone.Build.0 = Release|Any CPU
		{89DDD4F5-6547-4318-AADE-6D9973DA7DF1}.Release|iPhone.Deploy.0 = Release|Any CPU
		{89DDD4F5-6547-4318-AADE-6D9973DA7DF1}.Release|iPhoneSimulator.ActiveCfg = Release|Any CPU
		{89DDD4F5-6547-4318-AADE-6D9973DA7DF1}.Release|iPhoneSimulator.Build.0 = Release|Any CPU
		{89DDD4F5-6547-4318-AADE-6D9973DA7DF1}.Release|iPhoneSimulator.Deploy.0 = Release|Any CPU
	EndGlobalSection
	GlobalSection(SolutionProperties) = preSolution
		HideSolutionNode = FALSE
	EndGlobalSection
	GlobalSection(ExtensibilityGlobals) = postSolution
		SolutionGuid = {905DDBEF-04EA-4C45-B1A1-17248048CB16}
	EndGlobalSection
EndGlobal
